<?xml version="1.0" encoding="utf-8"?>
<Project ToolsVersion="4.0" xmlns="http://schemas.microsoft.com/developer/msbuild/2003">
  <ItemGroup>
    <Filter Include="Mod">
      <UniqueIdentifier>{0f675f62-1dbd-4824-9d68-46cc23fb3dce}</UniqueIdentifier>
    </Filter>
    <Filter Include="Mod\NplVoxelizer">
      <UniqueIdentifier>{52d5c3d4-9e31-44c3-84e7-21e9dcade1dc}</UniqueIdentifier>
    </Filter>
    <Filter Include="script">
      <UniqueIdentifier>{07261761-2f6e-4be3-8ef0-80f4be29e607}</UniqueIdentifier>
    </Filter>
    <Filter Include="script\apps">
      <UniqueIdentifier>{87d24347-80ac-47c5-ac1a-e2cafb9e1926}</UniqueIdentifier>
    </Filter>
    <Filter Include="script\apps\WebServer">
      <UniqueIdentifier>{094bbc8c-944a-4f1a-abae-c25e05739ebc}</UniqueIdentifier>
    </Filter>
    <Filter Include="script\apps\WebServer\admin">
      <UniqueIdentifier>{e4e87740-c420-4618-bbd4-ba44a9ec54c8}</UniqueIdentifier>
    </Filter>
    <Filter Include="script\apps\WebServer\admin\wp-content">
      <UniqueIdentifier>{7a37c207-1416-482c-9b07-386bdba662e7}</UniqueIdentifier>
    </Filter>
    <Filter Include="script\apps\WebServer\admin\wp-content\pages">
      <UniqueIdentifier>{36b950c5-4dba-45eb-8d7d-bf7a35139532}</UniqueIdentifier>
    </Filter>
    <Filter Include="script\apps\WebServer\admin\wp-content\pages\nplvoxelizer">
      <UniqueIdentifier>{6c6fda1b-4db4-4b2a-b38f-1ee53e81372f}</UniqueIdentifier>
    </Filter>
    <Filter Include="script\apps\WebServer\admin\wp-content\pages\nplvoxelizer\controllers">
      <UniqueIdentifier>{69b69626-d78c-4f36-be0c-276f052c9ddb}</UniqueIdentifier>
    </Filter>
    <Filter Include="script\apps\WebServer\admin\wp-content\pages\nplvoxelizer\templates">
      <UniqueIdentifier>{9d7c2d28-2f2b-47ff-98d1-d79aaacc0860}</UniqueIdentifier>
    </Filter>
    <Filter Include="script\apps\WebServer\admin\wp-content\pages\nplvoxelizer\libs">
      <UniqueIdentifier>{14035b06-1edb-468f-bd1e-06bbe5a4d7b1}</UniqueIdentifier>
    </Filter>
    <Filter Include="script\apps\WebServer\admin\wp-content\pages\nplvoxelizer\libs\threejs">
      <UniqueIdentifier>{f07b3484-50ee-4726-8efe-b889e04ac1f6}</UniqueIdentifier>
    </Filter>
    <Filter Include="script\apps\WebServer\admin\wp-content\pages\nplvoxelizer\libs\threejs\controls">
      <UniqueIdentifier>{a2e347f1-9031-47a7-b775-ccf29968f15c}</UniqueIdentifier>
    </Filter>
  </ItemGroup>
  <ItemGroup>
    <None Include="Mod\NplVoxelizer\main.lua">
      <Filter>Mod\NplVoxelizer</Filter>
    </None>
    <None Include="script\apps\WebServer\admin\wp-content\pages\nplvoxelizer.page">
      <Filter>script\apps\WebServer\admin\wp-content\pages</Filter>
    </None>
    <None Include="script\apps\WebServer\admin\wp-content\pages\nplvoxelizer\app.js">
      <Filter>script\apps\WebServer\admin\wp-content\pages\nplvoxelizer</Filter>
    </None>
    <None Include="script\apps\WebServer\admin\wp-content\pages\nplvoxelizer\controllers\NplVoxelizerController.js">
      <Filter>script\apps\WebServer\admin\wp-content\pages\nplvoxelizer\controllers</Filter>
    </None>
    <None Include="script\apps\WebServer\admin\wp-content\pages\nplvoxelizer\templates\NplVoxelizerTemplate.html">
      <Filter>script\apps\WebServer\admin\wp-content\pages\nplvoxelizer\templates</Filter>
    </None>
    <None Include="script\apps\WebServer\admin\wp-content\pages\nplvoxelizer\libs\Blob.js">
      <Filter>script\apps\WebServer\admin\wp-content\pages\nplvoxelizer\libs</Filter>
    </None>
    <None Include="script\apps\WebServer\admin\wp-content\pages\nplvoxelizer\libs\FileSaver.min.js">
      <Filter>script\apps\WebServer\admin\wp-content\pages\nplvoxelizer\libs</Filter>
    </None>
    <None Include="script\apps\WebServer\admin\wp-content\pages\nplvoxelizer\libs\rzslider.min.css">
      <Filter>script\apps\WebServer\admin\wp-content\pages\nplvoxelizer\libs</Filter>
    </None>
    <None Include="script\apps\WebServer\admin\wp-content\pages\nplvoxelizer\libs\rzslider.min.js">
      <Filter>script\apps\WebServer\admin\wp-content\pages\nplvoxelizer\libs</Filter>
    </None>
    <None Include="script\apps\WebServer\admin\wp-content\pages\nplvoxelizer\libs\threejs\dark.css">
      <Filter>script\apps\WebServer\admin\wp-content\pages\nplvoxelizer\libs\threejs</Filter>
    </None>
    <None Include="script\apps\WebServer\admin\wp-content\pages\nplvoxelizer\libs\threejs\light.css">
      <Filter>script\apps\WebServer\admin\wp-content\pages\nplvoxelizer\libs\threejs</Filter>
    </None>
    <None Include="script\apps\WebServer\admin\wp-content\pages\nplvoxelizer\libs\threejs\main.css">
      <Filter>script\apps\WebServer\admin\wp-content\pages\nplvoxelizer\libs\threejs</Filter>
    </None>
    <None Include="script\apps\WebServer\admin\wp-content\pages\nplvoxelizer\libs\threejs\three.min.js">
      <Filter>script\apps\WebServer\admin\wp-content\pages\nplvoxelizer\libs\threejs</Filter>
    </None>
    <None Include="script\apps\WebServer\admin\wp-content\pages\nplvoxelizer\libs\threejs\ui.js">
      <Filter>script\apps\WebServer\admin\wp-content\pages\nplvoxelizer\libs\threejs</Filter>
    </None>
    <None Include="script\apps\WebServer\admin\wp-content\pages\nplvoxelizer\libs\threejs\ui.three.js">
      <Filter>script\apps\WebServer\admin\wp-content\pages\nplvoxelizer\libs\threejs</Filter>
    </None>
    <None Include="script\apps\WebServer\admin\wp-content\pages\nplvoxelizer\libs\threejs\controls\TransformControls.js">
      <Filter>script\apps\WebServer\admin\wp-content\pages\nplvoxelizer\libs\threejs\controls</Filter>
    </None>
    <None Include="script\apps\WebServer\admin\wp-content\pages\nplvoxelizer\libs\threejs\controls\EditorControls.js">
      <Filter>script\apps\WebServer\admin\wp-content\pages\nplvoxelizer\libs\threejs\controls</Filter>
    </None>
    <None Include="script\apps\WebServer\admin\wp-content\pages\nplvoxelizer\libs\threejs\controls\OrbitControls.js">
      <Filter>script\apps\WebServer\admin\wp-content\pages\nplvoxelizer\libs\threejs\controls</Filter>
    </None>
    <None Include="script\apps\WebServer\admin\wp-content\pages\nplvoxelizer\libs\threejs\STLLoader.js">
      <Filter>script\apps\WebServer\admin\wp-content\pages\nplvoxelizer\libs\threejs</Filter>
    </None>
  </ItemGroup>
  <ItemGroup>
    <Image Include="script\apps\WebServer\admin\wp-content\pages\nplvoxelizer\libs\ajaxloader.gif">
      <Filter>script\apps\WebServer\admin\wp-content\pages\nplvoxelizer\libs</Filter>
    </Image>
  </ItemGroup>
</Project>